
Microsoft Visual Studio Solution File, Format Version 12.00
# Visual Studio Version 17
VisualStudioVersion = 17.11.35208.52
MinimumVisualStudioVersion = 10.0.40219.1
Project("{FAE04EC0-301F-11D3-BF4B-00C04F79EFBC}") = "BE Inspecties", "BE Inspecties\BE Inspecties.csproj", "{37A3C98E-C5CB-48C9-B4D6-B3DC9BC0DCB7}"
EndProject
Global
	GlobalSection(SolutionConfigurationPlatforms) = preSolution
		Debug|Any CPU = Debug|Any CPU
		Release|Any CPU = Release|Any CPU
	EndGlobalSection
	GlobalSection(ProjectConfigurationPlatforms) = postSolution
		{37A3C98E-C5CB-48C9-B4D6-B3DC9BC0DCB7}.Debug|Any CPU.ActiveCfg = Debug|Any CPU
		{37A3C98E-C5CB-48C9-B4D6-B3DC9BC0DCB7}.Debug|Any CPU.Build.0 = Debug|Any CPU
		{37A3C98E-C5CB-48C9-B4D6-B3DC9BC0DCB7}.Release|Any CPU.ActiveCfg = Release|Any CPU
		{37A3C98E-C5CB-48C9-B4D6-B3DC9BC0DCB7}.Release|Any CPU.Build.0 = Release|Any CPU
	EndGlobalSection
	GlobalSection(SolutionProperties) = preSolution
		HideSolutionNode = FALSE
	EndGlobalSection
	GlobalSection(ExtensibilityGlobals) = postSolution
		SolutionGuid = {666F79DD-9192-4F9C-AD1C-57CF7FC6C3B7}
	EndGlobalSection
EndGlobal
